
Microsoft Visual Studio Solution File, Format Version 12.00
# Visual Studio 14
VisualStudioVersion = 14.0.24720.0
MinimumVisualStudioVersion = 10.0.40219.1
Project("{2150E333-8FDC-42A3-9474-1A3956D46DE8}") = "Engine", "Engine", "{A5C3C2AD-FED2-4F41-A468-044DE6DD3191}"
EndProject
Project("{2150E333-8FDC-42A3-9474-1A3956D46DE8}") = "Games", "Games", "{06F2E338-C59A-46C4-9B63-78BD46953F49}"
EndProject
Project("{8BC9CEB8-8B4A-11D0-8D11-00A0C91BC942}") = "UE4", "Intermediate\ProjectFiles\UE4.vcxproj", "{2E8A6689-89E8-4962-B613-6347C23ED3EE}"
EndProject
Project("{8BC9CEB8-8B4A-11D0-8D11-00A0C91BC942}") = "TestingGrounds_05", "Intermediate\ProjectFiles\TestingGrounds_05.vcxproj", "{C3EC96EA-CB3B-4D4E-AC53-538D0FE60AF6}"
EndProject
Global
	GlobalSection(SolutionConfigurationPlatforms) = preSolution
		DebugGame Editor|HTML5 = DebugGame Editor|HTML5
		DebugGame Editor|IOS = DebugGame Editor|IOS
		DebugGame Editor|TVOS = DebugGame Editor|TVOS
		DebugGame Editor|Win32 = DebugGame Editor|Win32
		DebugGame Editor|Win64 = DebugGame Editor|Win64
		DebugGame|HTML5 = DebugGame|HTML5
		DebugGame|IOS = DebugGame|IOS
		DebugGame|TVOS = DebugGame|TVOS
		DebugGame|Win32 = DebugGame|Win32
		DebugGame|Win64 = DebugGame|Win64
		Development Editor|HTML5 = Development Editor|HTML5
		Development Editor|IOS = Development Editor|IOS
		Development Editor|TVOS = Development Editor|TVOS
		Development Editor|Win32 = Development Editor|Win32
		Development Editor|Win64 = Development Editor|Win64
		Development|HTML5 = Development|HTML5
		Development|IOS = Development|IOS
		Development|TVOS = Development|TVOS
		Development|Win32 = Development|Win32
		Development|Win64 = Development|Win64
		Shipping|HTML5 = Shipping|HTML5
		Shipping|IOS = Shipping|IOS
		Shipping|TVOS = Shipping|TVOS
		Shipping|Win32 = Shipping|Win32
		Shipping|Win64 = Shipping|Win64
	EndGlobalSection
	GlobalSection(ProjectConfigurationPlatforms) = postSolution
		{2E8A6689-89E8-4962-B613-6347C23ED3EE}.DebugGame Editor|HTML5.ActiveCfg = BuiltWithUnrealBuildTool|Win32
		{2E8A6689-89E8-4962-B613-6347C23ED3EE}.DebugGame Editor|HTML5.Build.0 = BuiltWithUnrealBuildTool|Win32
		{2E8A6689-89E8-4962-B613-6347C23ED3EE}.DebugGame Editor|IOS.ActiveCfg = BuiltWithUnrealBuildTool|Win32
		{2E8A6689-89E8-4962-B613-6347C23ED3EE}.DebugGame Editor|IOS.Build.0 = BuiltWithUnrealBuildTool|Win32
		{2E8A6689-89E8-4962-B613-6347C23ED3EE}.DebugGame Editor|TVOS.ActiveCfg = BuiltWithUnrealBuildTool|Win32
		{2E8A6689-89E8-4962-B613-6347C23ED3EE}.DebugGame Editor|TVOS.Build.0 = BuiltWithUnrealBuildTool|Win32
		{2E8A6689-89E8-4962-B613-6347C23ED3EE}.DebugGame Editor|Win32.ActiveCfg = BuiltWithUnrealBuildTool|Win32
		{2E8A6689-89E8-4962-B613-6347C23ED3EE}.DebugGame Editor|Win32.Build.0 = BuiltWithUnrealBuildTool|Win32
		{2E8A6689-89E8-4962-B613-6347C23ED3EE}.DebugGame Editor|Win64.ActiveCfg = BuiltWithUnrealBuildTool|Win32
		{2E8A6689-89E8-4962-B613-6347C23ED3EE}.DebugGame Editor|Win64.Build.0 = BuiltWithUnrealBuildTool|Win32
		{2E8A6689-89E8-4962-B613-6347C23ED3EE}.DebugGame|HTML5.ActiveCfg = BuiltWithUnrealBuildTool|Win32
		{2E8A6689-89E8-4962-B613-6347C23ED3EE}.DebugGame|HTML5.Build.0 = BuiltWithUnrealBuildTool|Win32
		{2E8A6689-89E8-4962-B613-6347C23ED3EE}.DebugGame|IOS.ActiveCfg = BuiltWithUnrealBuildTool|Win32
		{2E8A6689-89E8-4962-B613-6347C23ED3EE}.DebugGame|IOS.Build.0 = BuiltWithUnrealBuildTool|Win32
		{2E8A6689-89E8-4962-B613-6347C23ED3EE}.DebugGame|TVOS.ActiveCfg = BuiltWithUnrealBuildTool|Win32
		{2E8A6689-89E8-4962-B613-6347C23ED3EE}.DebugGame|TVOS.Build.0 = BuiltWithUnrealBuildTool|Win32
		{2E8A6689-89E8-4962-B613-6347C23ED3EE}.DebugGame|Win32.ActiveCfg = BuiltWithUnrealBuildTool|Win32
		{2E8A6689-89E8-4962-B613-6347C23ED3EE}.DebugGame|Win32.Build.0 = BuiltWithUnrealBuildTool|Win32
		{2E8A6689-89E8-4962-B613-6347C23ED3EE}.DebugGame|Win64.ActiveCfg = BuiltWithUnrealBuildTool|Win32
		{2E8A6689-89E8-4962-B613-6347C23ED3EE}.DebugGame|Win64.Build.0 = BuiltWithUnrealBuildTool|Win32
		{2E8A6689-89E8-4962-B613-6347C23ED3EE}.Development Editor|HTML5.ActiveCfg = BuiltWithUnrealBuildTool|Win32
		{2E8A6689-89E8-4962-B613-6347C23ED3EE}.Development Editor|HTML5.Build.0 = BuiltWithUnrealBuildTool|Win32
		{2E8A6689-89E8-4962-B613-6347C23ED3EE}.Development Editor|IOS.ActiveCfg = BuiltWithUnrealBuildTool|Win32
		{2E8A6689-89E8-4962-B613-6347C23ED3EE}.Development Editor|IOS.Build.0 = BuiltWithUnrealBuildTool|Win32
		{2E8A6689-89E8-4962-B613-6347C23ED3EE}.Development Editor|TVOS.ActiveCfg = BuiltWithUnrealBuildTool|Win32
		{2E8A6689-89E8-4962-B613-6347C23ED3EE}.Development Editor|TVOS.Build.0 = BuiltWithUnrealBuildTool|Win32
		{2E8A6689-89E8-4962-B613-6347C23ED3EE}.Development Editor|Win32.ActiveCfg = BuiltWithUnrealBuildTool|Win32
		{2E8A6689-89E8-4962-B613-6347C23ED3EE}.Development Editor|Win32.Build.0 = BuiltWithUnrealBuildTool|Win32
		{2E8A6689-89E8-4962-B613-6347C23ED3EE}.Development Editor|Win64.ActiveCfg = BuiltWithUnrealBuildTool|Win32
		{2E8A6689-89E8-4962-B613-6347C23ED3EE}.Development Editor|Win64.Build.0 = BuiltWithUnrealBuildTool|Win32
		{2E8A6689-89E8-4962-B613-6347C23ED3EE}.Development|HTML5.ActiveCfg = BuiltWithUnrealBuildTool|Win32
		{2E8A6689-89E8-4962-B613-6347C23ED3EE}.Development|HTML5.Build.0 = BuiltWithUnrealBuildTool|Win32
		{2E8A6689-89E8-4962-B613-6347C23ED3EE}.Development|IOS.ActiveCfg = BuiltWithUnrealBuildTool|Win32
		{2E8A6689-89E8-4962-B613-6347C23ED3EE}.Development|IOS.Build.0 = BuiltWithUnrealBuildTool|Win32
		{2E8A6689-89E8-4962-B613-6347C23ED3EE}.Development|TVOS.ActiveCfg = BuiltWithUnrealBuildTool|Win32
		{2E8A6689-89E8-4962-B613-6347C23ED3EE}.Development|TVOS.Build.0 = BuiltWithUnrealBuildTool|Win32
		{2E8A6689-89E8-4962-B613-6347C23ED3EE}.Development|Win32.ActiveCfg = BuiltWithUnrealBuildTool|Win32
		{2E8A6689-89E8-4962-B613-6347C23ED3EE}.Development|Win32.Build.0 = BuiltWithUnrealBuildTool|Win32
		{2E8A6689-89E8-4962-B613-6347C23ED3EE}.Development|Win64.ActiveCfg = BuiltWithUnrealBuildTool|Win32
		{2E8A6689-89E8-4962-B613-6347C23ED3EE}.Development|Win64.Build.0 = BuiltWithUnrealBuildTool|Win32
		{2E8A6689-89E8-4962-B613-6347C23ED3EE}.Shipping|HTML5.ActiveCfg = BuiltWithUnrealBuildTool|Win32
		{2E8A6689-89E8-4962-B613-6347C23ED3EE}.Shipping|HTML5.Build.0 = BuiltWithUnrealBuildTool|Win32
		{2E8A6689-89E8-4962-B613-6347C23ED3EE}.Shipping|IOS.ActiveCfg = BuiltWithUnrealBuildTool|Win32
		{2E8A6689-89E8-4962-B613-6347C23ED3EE}.Shipping|IOS.Build.0 = BuiltWithUnrealBuildTool|Win32
		{2E8A6689-89E8-4962-B613-6347C23ED3EE}.Shipping|TVOS.ActiveCfg = BuiltWithUnrealBuildTool|Win32
		{2E8A6689-89E8-4962-B613-6347C23ED3EE}.Shipping|TVOS.Build.0 = BuiltWithUnrealBuildTool|Win32
		{2E8A6689-89E8-4962-B613-6347C23ED3EE}.Shipping|Win32.ActiveCfg = BuiltWithUnrealBuildTool|Win32
		{2E8A6689-89E8-4962-B613-6347C23ED3EE}.Shipping|Win32.Build.0 = BuiltWithUnrealBuildTool|Win32
		{2E8A6689-89E8-4962-B613-6347C23ED3EE}.Shipping|Win64.ActiveCfg = BuiltWithUnrealBuildTool|Win32
		{2E8A6689-89E8-4962-B613-6347C23ED3EE}.Shipping|Win64.Build.0 = BuiltWithUnrealBuildTool|Win32
		{C3EC96EA-CB3B-4D4E-AC53-538D0FE60AF6}.DebugGame Editor|HTML5.ActiveCfg = HTML5_DebugGame_Editor|Win32
		{C3EC96EA-CB3B-4D4E-AC53-538D0FE60AF6}.DebugGame Editor|IOS.ActiveCfg = IOS_DebugGame_Editor|Win32
		{C3EC96EA-CB3B-4D4E-AC53-538D0FE60AF6}.DebugGame Editor|TVOS.ActiveCfg = TVOS_DebugGame_Editor|Win32
		{C3EC96EA-CB3B-4D4E-AC53-538D0FE60AF6}.DebugGame Editor|Win32.ActiveCfg = DebugGame_Editor|Win32
		{C3EC96EA-CB3B-4D4E-AC53-538D0FE60AF6}.DebugGame Editor|Win64.ActiveCfg = DebugGame_Editor|x64
		{C3EC96EA-CB3B-4D4E-AC53-538D0FE60AF6}.DebugGame Editor|Win64.Build.0 = DebugGame_Editor|x64
		{C3EC96EA-CB3B-4D4E-AC53-538D0FE60AF6}.DebugGame|HTML5.ActiveCfg = HTML5_DebugGame_Game|Win32
		{C3EC96EA-CB3B-4D4E-AC53-538D0FE60AF6}.DebugGame|HTML5.Build.0 = HTML5_DebugGame_Game|Win32
		{C3EC96EA-CB3B-4D4E-AC53-538D0FE60AF6}.DebugGame|IOS.ActiveCfg = IOS_DebugGame_Game|Win32
		{C3EC96EA-CB3B-4D4E-AC53-538D0FE60AF6}.DebugGame|IOS.Build.0 = IOS_DebugGame_Game|Win32
		{C3EC96EA-CB3B-4D4E-AC53-538D0FE60AF6}.DebugGame|TVOS.ActiveCfg = TVOS_DebugGame_Game|Win32
		{C3EC96EA-CB3B-4D4E-AC53-538D0FE60AF6}.DebugGame|TVOS.Build.0 = TVOS_DebugGame_Game|Win32
		{C3EC96EA-CB3B-4D4E-AC53-538D0FE60AF6}.DebugGame|Win32.ActiveCfg = DebugGame_Game|Win32
		{C3EC96EA-CB3B-4D4E-AC53-538D0FE60AF6}.DebugGame|Win32.Build.0 = DebugGame_Game|Win32
		{C3EC96EA-CB3B-4D4E-AC53-538D0FE60AF6}.DebugGame|Win64.ActiveCfg = DebugGame_Game|x64
		{C3EC96EA-CB3B-4D4E-AC53-538D0FE60AF6}.DebugGame|Win64.Build.0 = DebugGame_Game|x64
		{C3EC96EA-CB3B-4D4E-AC53-538D0FE60AF6}.Development Editor|HTML5.ActiveCfg = HTML5_Development_Editor|Win32
		{C3EC96EA-CB3B-4D4E-AC53-538D0FE60AF6}.Development Editor|IOS.ActiveCfg = IOS_Development_Editor|Win32
		{C3EC96EA-CB3B-4D4E-AC53-538D0FE60AF6}.Development Editor|TVOS.ActiveCfg = TVOS_Development_Editor|Win32
		{C3EC96EA-CB3B-4D4E-AC53-538D0FE60AF6}.Development Editor|Win32.ActiveCfg = Development_Editor|Win32
		{C3EC96EA-CB3B-4D4E-AC53-538D0FE60AF6}.Development Editor|Win64.ActiveCfg = Development_Editor|x64
		{C3EC96EA-CB3B-4D4E-AC53-538D0FE60AF6}.Development Editor|Win64.Build.0 = Development_Editor|x64
		{C3EC96EA-CB3B-4D4E-AC53-538D0FE60AF6}.Development|HTML5.ActiveCfg = HTML5_Development_Game|Win32
		{C3EC96EA-CB3B-4D4E-AC53-538D0FE60AF6}.Development|HTML5.Build.0 = HTML5_Development_Game|Win32
		{C3EC96EA-CB3B-4D4E-AC53-538D0FE60AF6}.Development|IOS.ActiveCfg = IOS_Development_Game|Win32
		{C3EC96EA-CB3B-4D4E-AC53-538D0FE60AF6}.Development|IOS.Build.0 = IOS_Development_Game|Win32
		{C3EC96EA-CB3B-4D4E-AC53-538D0FE60AF6}.Development|TVOS.ActiveCfg = TVOS_Development_Game|Win32
		{C3EC96EA-CB3B-4D4E-AC53-538D0FE60AF6}.Development|TVOS.Build.0 = TVOS_Development_Game|Win32
		{C3EC96EA-CB3B-4D4E-AC53-538D0FE60AF6}.Development|Win32.ActiveCfg = Development_Game|Win32
		{C3EC96EA-CB3B-4D4E-AC53-538D0FE60AF6}.Development|Win32.Build.0 = Development_Game|Win32
		{C3EC96EA-CB3B-4D4E-AC53-538D0FE60AF6}.Development|Win64.ActiveCfg = Development_Game|x64
		{C3EC96EA-CB3B-4D4E-AC53-538D0FE60AF6}.Development|Win64.Build.0 = Development_Game|x64
		{C3EC96EA-CB3B-4D4E-AC53-538D0FE60AF6}.Shipping|HTML5.ActiveCfg = HTML5_Shipping_Game|Win32
		{C3EC96EA-CB3B-4D4E-AC53-538D0FE60AF6}.Shipping|HTML5.Build.0 = HTML5_Shipping_Game|Win32
		{C3EC96EA-CB3B-4D4E-AC53-538D0FE60AF6}.Shipping|IOS.ActiveCfg = IOS_Shipping_Game|Win32
		{C3EC96EA-CB3B-4D4E-AC53-538D0FE60AF6}.Shipping|IOS.Build.0 = IOS_Shipping_Game|Win32
		{C3EC96EA-CB3B-4D4E-AC53-538D0FE60AF6}.Shipping|TVOS.ActiveCfg = TVOS_Shipping_Game|Win32
		{C3EC96EA-CB3B-4D4E-AC53-538D0FE60AF6}.Shipping|TVOS.Build.0 = TVOS_Shipping_Game|Win32
		{C3EC96EA-CB3B-4D4E-AC53-538D0FE60AF6}.Shipping|Win32.ActiveCfg = Shipping_Game|Win32
		{C3EC96EA-CB3B-4D4E-AC53-538D0FE60AF6}.Shipping|Win32.Build.0 = Shipping_Game|Win32
		{C3EC96EA-CB3B-4D4E-AC53-538D0FE60AF6}.Shipping|Win64.ActiveCfg = Shipping_Game|x64
		{C3EC96EA-CB3B-4D4E-AC53-538D0FE60AF6}.Shipping|Win64.Build.0 = Shipping_Game|x64
	EndGlobalSection
	GlobalSection(SolutionProperties) = preSolution
		HideSolutionNode = FALSE
	EndGlobalSection
	GlobalSection(NestedProjects) = preSolution
		{2E8A6689-89E8-4962-B613-6347C23ED3EE} = {A5C3C2AD-FED2-4F41-A468-044DE6DD3191}
		{C3EC96EA-CB3B-4D4E-AC53-538D0FE60AF6} = {06F2E338-C59A-46C4-9B63-78BD46953F49}
	EndGlobalSection
EndGlobal
