
Microsoft Visual Studio Solution File, Format Version 12.00
# Visual Studio 14
VisualStudioVersion = 14.0.24720.0
MinimumVisualStudioVersion = 10.0.40219.1
Project("{2150E333-8FDC-42A3-9474-1A3956D46DE8}") = "Engine", "Engine", "{0F74C9B7-0945-43BC-ACBD-44ED8B2066F6}"
EndProject
Project("{2150E333-8FDC-42A3-9474-1A3956D46DE8}") = "Games", "Games", "{E391042C-72CF-48CE-AB0D-53E03D2AB76C}"
EndProject
Project("{8BC9CEB8-8B4A-11D0-8D11-00A0C91BC942}") = "UE4", "Intermediate\ProjectFiles\UE4.vcxproj", "{07A297BD-5B67-4E21-9F30-C5610951D6C8}"
EndProject
Project("{8BC9CEB8-8B4A-11D0-8D11-00A0C91BC942}") = "TestingGrounds_05", "Intermediate\ProjectFiles\TestingGrounds_05.vcxproj", "{37D48990-80B5-4D3B-ABD9-79E47C1DA485}"
EndProject
Global
	GlobalSection(SolutionConfigurationPlatforms) = preSolution
		DebugGame Editor|HTML5 = DebugGame Editor|HTML5
		DebugGame Editor|IOS = DebugGame Editor|IOS
		DebugGame Editor|TVOS = DebugGame Editor|TVOS
		DebugGame Editor|Win32 = DebugGame Editor|Win32
		DebugGame Editor|Win64 = DebugGame Editor|Win64
		DebugGame|HTML5 = DebugGame|HTML5
		DebugGame|IOS = DebugGame|IOS
		DebugGame|TVOS = DebugGame|TVOS
		DebugGame|Win32 = DebugGame|Win32
		DebugGame|Win64 = DebugGame|Win64
		Development Editor|HTML5 = Development Editor|HTML5
		Development Editor|IOS = Development Editor|IOS
		Development Editor|TVOS = Development Editor|TVOS
		Development Editor|Win32 = Development Editor|Win32
		Development Editor|Win64 = Development Editor|Win64
		Development|HTML5 = Development|HTML5
		Development|IOS = Development|IOS
		Development|TVOS = Development|TVOS
		Development|Win32 = Development|Win32
		Development|Win64 = Development|Win64
		Shipping|HTML5 = Shipping|HTML5
		Shipping|IOS = Shipping|IOS
		Shipping|TVOS = Shipping|TVOS
		Shipping|Win32 = Shipping|Win32
		Shipping|Win64 = Shipping|Win64
	EndGlobalSection
	GlobalSection(ProjectConfigurationPlatforms) = postSolution
		{07A297BD-5B67-4E21-9F30-C5610951D6C8}.DebugGame Editor|HTML5.ActiveCfg = BuiltWithUnrealBuildTool|Win32
		{07A297BD-5B67-4E21-9F30-C5610951D6C8}.DebugGame Editor|HTML5.Build.0 = BuiltWithUnrealBuildTool|Win32
		{07A297BD-5B67-4E21-9F30-C5610951D6C8}.DebugGame Editor|IOS.ActiveCfg = BuiltWithUnrealBuildTool|Win32
		{07A297BD-5B67-4E21-9F30-C5610951D6C8}.DebugGame Editor|IOS.Build.0 = BuiltWithUnrealBuildTool|Win32
		{07A297BD-5B67-4E21-9F30-C5610951D6C8}.DebugGame Editor|TVOS.ActiveCfg = BuiltWithUnrealBuildTool|Win32
		{07A297BD-5B67-4E21-9F30-C5610951D6C8}.DebugGame Editor|TVOS.Build.0 = BuiltWithUnrealBuildTool|Win32
		{07A297BD-5B67-4E21-9F30-C5610951D6C8}.DebugGame Editor|Win32.ActiveCfg = BuiltWithUnrealBuildTool|Win32
		{07A297BD-5B67-4E21-9F30-C5610951D6C8}.DebugGame Editor|Win32.Build.0 = BuiltWithUnrealBuildTool|Win32
		{07A297BD-5B67-4E21-9F30-C5610951D6C8}.DebugGame Editor|Win64.ActiveCfg = BuiltWithUnrealBuildTool|Win32
		{07A297BD-5B67-4E21-9F30-C5610951D6C8}.DebugGame Editor|Win64.Build.0 = BuiltWithUnrealBuildTool|Win32
		{07A297BD-5B67-4E21-9F30-C5610951D6C8}.DebugGame|HTML5.ActiveCfg = BuiltWithUnrealBuildTool|Win32
		{07A297BD-5B67-4E21-9F30-C5610951D6C8}.DebugGame|HTML5.Build.0 = BuiltWithUnrealBuildTool|Win32
		{07A297BD-5B67-4E21-9F30-C5610951D6C8}.DebugGame|IOS.ActiveCfg = BuiltWithUnrealBuildTool|Win32
		{07A297BD-5B67-4E21-9F30-C5610951D6C8}.DebugGame|IOS.Build.0 = BuiltWithUnrealBuildTool|Win32
		{07A297BD-5B67-4E21-9F30-C5610951D6C8}.DebugGame|TVOS.ActiveCfg = BuiltWithUnrealBuildTool|Win32
		{07A297BD-5B67-4E21-9F30-C5610951D6C8}.DebugGame|TVOS.Build.0 = BuiltWithUnrealBuildTool|Win32
		{07A297BD-5B67-4E21-9F30-C5610951D6C8}.DebugGame|Win32.ActiveCfg = BuiltWithUnrealBuildTool|Win32
		{07A297BD-5B67-4E21-9F30-C5610951D6C8}.DebugGame|Win32.Build.0 = BuiltWithUnrealBuildTool|Win32
		{07A297BD-5B67-4E21-9F30-C5610951D6C8}.DebugGame|Win64.ActiveCfg = BuiltWithUnrealBuildTool|Win32
		{07A297BD-5B67-4E21-9F30-C5610951D6C8}.DebugGame|Win64.Build.0 = BuiltWithUnrealBuildTool|Win32
		{07A297BD-5B67-4E21-9F30-C5610951D6C8}.Development Editor|HTML5.ActiveCfg = BuiltWithUnrealBuildTool|Win32
		{07A297BD-5B67-4E21-9F30-C5610951D6C8}.Development Editor|HTML5.Build.0 = BuiltWithUnrealBuildTool|Win32
		{07A297BD-5B67-4E21-9F30-C5610951D6C8}.Development Editor|IOS.ActiveCfg = BuiltWithUnrealBuildTool|Win32
		{07A297BD-5B67-4E21-9F30-C5610951D6C8}.Development Editor|IOS.Build.0 = BuiltWithUnrealBuildTool|Win32
		{07A297BD-5B67-4E21-9F30-C5610951D6C8}.Development Editor|TVOS.ActiveCfg = BuiltWithUnrealBuildTool|Win32
		{07A297BD-5B67-4E21-9F30-C5610951D6C8}.Development Editor|TVOS.Build.0 = BuiltWithUnrealBuildTool|Win32
		{07A297BD-5B67-4E21-9F30-C5610951D6C8}.Development Editor|Win32.ActiveCfg = BuiltWithUnrealBuildTool|Win32
		{07A297BD-5B67-4E21-9F30-C5610951D6C8}.Development Editor|Win32.Build.0 = BuiltWithUnrealBuildTool|Win32
		{07A297BD-5B67-4E21-9F30-C5610951D6C8}.Development Editor|Win64.ActiveCfg = BuiltWithUnrealBuildTool|Win32
		{07A297BD-5B67-4E21-9F30-C5610951D6C8}.Development Editor|Win64.Build.0 = BuiltWithUnrealBuildTool|Win32
		{07A297BD-5B67-4E21-9F30-C5610951D6C8}.Development|HTML5.ActiveCfg = BuiltWithUnrealBuildTool|Win32
		{07A297BD-5B67-4E21-9F30-C5610951D6C8}.Development|HTML5.Build.0 = BuiltWithUnrealBuildTool|Win32
		{07A297BD-5B67-4E21-9F30-C5610951D6C8}.Development|IOS.ActiveCfg = BuiltWithUnrealBuildTool|Win32
		{07A297BD-5B67-4E21-9F30-C5610951D6C8}.Development|IOS.Build.0 = BuiltWithUnrealBuildTool|Win32
		{07A297BD-5B67-4E21-9F30-C5610951D6C8}.Development|TVOS.ActiveCfg = BuiltWithUnrealBuildTool|Win32
		{07A297BD-5B67-4E21-9F30-C5610951D6C8}.Development|TVOS.Build.0 = BuiltWithUnrealBuildTool|Win32
		{07A297BD-5B67-4E21-9F30-C5610951D6C8}.Development|Win32.ActiveCfg = BuiltWithUnrealBuildTool|Win32
		{07A297BD-5B67-4E21-9F30-C5610951D6C8}.Development|Win32.Build.0 = BuiltWithUnrealBuildTool|Win32
		{07A297BD-5B67-4E21-9F30-C5610951D6C8}.Development|Win64.ActiveCfg = BuiltWithUnrealBuildTool|Win32
		{07A297BD-5B67-4E21-9F30-C5610951D6C8}.Development|Win64.Build.0 = BuiltWithUnrealBuildTool|Win32
		{07A297BD-5B67-4E21-9F30-C5610951D6C8}.Shipping|HTML5.ActiveCfg = BuiltWithUnrealBuildTool|Win32
		{07A297BD-5B67-4E21-9F30-C5610951D6C8}.Shipping|HTML5.Build.0 = BuiltWithUnrealBuildTool|Win32
		{07A297BD-5B67-4E21-9F30-C5610951D6C8}.Shipping|IOS.ActiveCfg = BuiltWithUnrealBuildTool|Win32
		{07A297BD-5B67-4E21-9F30-C5610951D6C8}.Shipping|IOS.Build.0 = BuiltWithUnrealBuildTool|Win32
		{07A297BD-5B67-4E21-9F30-C5610951D6C8}.Shipping|TVOS.ActiveCfg = BuiltWithUnrealBuildTool|Win32
		{07A297BD-5B67-4E21-9F30-C5610951D6C8}.Shipping|TVOS.Build.0 = BuiltWithUnrealBuildTool|Win32
		{07A297BD-5B67-4E21-9F30-C5610951D6C8}.Shipping|Win32.ActiveCfg = BuiltWithUnrealBuildTool|Win32
		{07A297BD-5B67-4E21-9F30-C5610951D6C8}.Shipping|Win32.Build.0 = BuiltWithUnrealBuildTool|Win32
		{07A297BD-5B67-4E21-9F30-C5610951D6C8}.Shipping|Win64.ActiveCfg = BuiltWithUnrealBuildTool|Win32
		{07A297BD-5B67-4E21-9F30-C5610951D6C8}.Shipping|Win64.Build.0 = BuiltWithUnrealBuildTool|Win32
		{37D48990-80B5-4D3B-ABD9-79E47C1DA485}.DebugGame Editor|HTML5.ActiveCfg = HTML5_DebugGame_Editor|Win32
		{37D48990-80B5-4D3B-ABD9-79E47C1DA485}.DebugGame Editor|IOS.ActiveCfg = IOS_DebugGame_Editor|Win32
		{37D48990-80B5-4D3B-ABD9-79E47C1DA485}.DebugGame Editor|TVOS.ActiveCfg = TVOS_DebugGame_Editor|Win32
		{37D48990-80B5-4D3B-ABD9-79E47C1DA485}.DebugGame Editor|Win32.ActiveCfg = DebugGame_Editor|Win32
		{37D48990-80B5-4D3B-ABD9-79E47C1DA485}.DebugGame Editor|Win64.ActiveCfg = DebugGame_Editor|x64
		{37D48990-80B5-4D3B-ABD9-79E47C1DA485}.DebugGame Editor|Win64.Build.0 = DebugGame_Editor|x64
		{37D48990-80B5-4D3B-ABD9-79E47C1DA485}.DebugGame|HTML5.ActiveCfg = HTML5_DebugGame_Game|Win32
		{37D48990-80B5-4D3B-ABD9-79E47C1DA485}.DebugGame|HTML5.Build.0 = HTML5_DebugGame_Game|Win32
		{37D48990-80B5-4D3B-ABD9-79E47C1DA485}.DebugGame|IOS.ActiveCfg = IOS_DebugGame_Game|Win32
		{37D48990-80B5-4D3B-ABD9-79E47C1DA485}.DebugGame|IOS.Build.0 = IOS_DebugGame_Game|Win32
		{37D48990-80B5-4D3B-ABD9-79E47C1DA485}.DebugGame|TVOS.ActiveCfg = TVOS_DebugGame_Game|Win32
		{37D48990-80B5-4D3B-ABD9-79E47C1DA485}.DebugGame|TVOS.Build.0 = TVOS_DebugGame_Game|Win32
		{37D48990-80B5-4D3B-ABD9-79E47C1DA485}.DebugGame|Win32.ActiveCfg = DebugGame_Game|Win32
		{37D48990-80B5-4D3B-ABD9-79E47C1DA485}.DebugGame|Win32.Build.0 = DebugGame_Game|Win32
		{37D48990-80B5-4D3B-ABD9-79E47C1DA485}.DebugGame|Win64.ActiveCfg = DebugGame_Game|x64
		{37D48990-80B5-4D3B-ABD9-79E47C1DA485}.DebugGame|Win64.Build.0 = DebugGame_Game|x64
		{37D48990-80B5-4D3B-ABD9-79E47C1DA485}.Development Editor|HTML5.ActiveCfg = HTML5_Development_Editor|Win32
		{37D48990-80B5-4D3B-ABD9-79E47C1DA485}.Development Editor|IOS.ActiveCfg = IOS_Development_Editor|Win32
		{37D48990-80B5-4D3B-ABD9-79E47C1DA485}.Development Editor|TVOS.ActiveCfg = TVOS_Development_Editor|Win32
		{37D48990-80B5-4D3B-ABD9-79E47C1DA485}.Development Editor|Win32.ActiveCfg = Development_Editor|Win32
		{37D48990-80B5-4D3B-ABD9-79E47C1DA485}.Development Editor|Win64.ActiveCfg = Development_Editor|x64
		{37D48990-80B5-4D3B-ABD9-79E47C1DA485}.Development Editor|Win64.Build.0 = Development_Editor|x64
		{37D48990-80B5-4D3B-ABD9-79E47C1DA485}.Development|HTML5.ActiveCfg = HTML5_Development_Game|Win32
		{37D48990-80B5-4D3B-ABD9-79E47C1DA485}.Development|HTML5.Build.0 = HTML5_Development_Game|Win32
		{37D48990-80B5-4D3B-ABD9-79E47C1DA485}.Development|IOS.ActiveCfg = IOS_Development_Game|Win32
		{37D48990-80B5-4D3B-ABD9-79E47C1DA485}.Development|IOS.Build.0 = IOS_Development_Game|Win32
		{37D48990-80B5-4D3B-ABD9-79E47C1DA485}.Development|TVOS.ActiveCfg = TVOS_Development_Game|Win32
		{37D48990-80B5-4D3B-ABD9-79E47C1DA485}.Development|TVOS.Build.0 = TVOS_Development_Game|Win32
		{37D48990-80B5-4D3B-ABD9-79E47C1DA485}.Development|Win32.ActiveCfg = Development_Game|Win32
		{37D48990-80B5-4D3B-ABD9-79E47C1DA485}.Development|Win32.Build.0 = Development_Game|Win32
		{37D48990-80B5-4D3B-ABD9-79E47C1DA485}.Development|Win64.ActiveCfg = Development_Game|x64
		{37D48990-80B5-4D3B-ABD9-79E47C1DA485}.Development|Win64.Build.0 = Development_Game|x64
		{37D48990-80B5-4D3B-ABD9-79E47C1DA485}.Shipping|HTML5.ActiveCfg = HTML5_Shipping_Game|Win32
		{37D48990-80B5-4D3B-ABD9-79E47C1DA485}.Shipping|HTML5.Build.0 = HTML5_Shipping_Game|Win32
		{37D48990-80B5-4D3B-ABD9-79E47C1DA485}.Shipping|IOS.ActiveCfg = IOS_Shipping_Game|Win32
		{37D48990-80B5-4D3B-ABD9-79E47C1DA485}.Shipping|IOS.Build.0 = IOS_Shipping_Game|Win32
		{37D48990-80B5-4D3B-ABD9-79E47C1DA485}.Shipping|TVOS.ActiveCfg = TVOS_Shipping_Game|Win32
		{37D48990-80B5-4D3B-ABD9-79E47C1DA485}.Shipping|TVOS.Build.0 = TVOS_Shipping_Game|Win32
		{37D48990-80B5-4D3B-ABD9-79E47C1DA485}.Shipping|Win32.ActiveCfg = Shipping_Game|Win32
		{37D48990-80B5-4D3B-ABD9-79E47C1DA485}.Shipping|Win32.Build.0 = Shipping_Game|Win32
		{37D48990-80B5-4D3B-ABD9-79E47C1DA485}.Shipping|Win64.ActiveCfg = Shipping_Game|x64
		{37D48990-80B5-4D3B-ABD9-79E47C1DA485}.Shipping|Win64.Build.0 = Shipping_Game|x64
	EndGlobalSection
	GlobalSection(SolutionProperties) = preSolution
		HideSolutionNode = FALSE
	EndGlobalSection
	GlobalSection(NestedProjects) = preSolution
		{07A297BD-5B67-4E21-9F30-C5610951D6C8} = {0F74C9B7-0945-43BC-ACBD-44ED8B2066F6}
		{37D48990-80B5-4D3B-ABD9-79E47C1DA485} = {E391042C-72CF-48CE-AB0D-53E03D2AB76C}
	EndGlobalSection
EndGlobal
