
Microsoft Visual Studio Solution File, Format Version 12.00
# Visual Studio 14
VisualStudioVersion = 14.0.24720.0
MinimumVisualStudioVersion = 10.0.40219.1
Project("{2150E333-8FDC-42A3-9474-1A3956D46DE8}") = "Engine", "Engine", "{77F3FEDF-1405-4B0B-9D1A-625AA790FA6F}"
EndProject
Project("{2150E333-8FDC-42A3-9474-1A3956D46DE8}") = "Games", "Games", "{60A488AB-0B22-466A-8393-C94E83E6687E}"
EndProject
Project("{8BC9CEB8-8B4A-11D0-8D11-00A0C91BC942}") = "UE4", "Intermediate\ProjectFiles\UE4.vcxproj", "{A33415FB-645E-4AFF-88B6-C318382F7589}"
EndProject
Project("{8BC9CEB8-8B4A-11D0-8D11-00A0C91BC942}") = "BattleTank_04", "Intermediate\ProjectFiles\BattleTank_04.vcxproj", "{AE32100B-D1AD-42D3-B0A7-FBF09FC94ABE}"
EndProject
Global
	GlobalSection(SolutionConfigurationPlatforms) = preSolution
		DebugGame Editor|HTML5 = DebugGame Editor|HTML5
		DebugGame Editor|IOS = DebugGame Editor|IOS
		DebugGame Editor|TVOS = DebugGame Editor|TVOS
		DebugGame Editor|Win32 = DebugGame Editor|Win32
		DebugGame Editor|Win64 = DebugGame Editor|Win64
		DebugGame|HTML5 = DebugGame|HTML5
		DebugGame|IOS = DebugGame|IOS
		DebugGame|TVOS = DebugGame|TVOS
		DebugGame|Win32 = DebugGame|Win32
		DebugGame|Win64 = DebugGame|Win64
		Development Editor|HTML5 = Development Editor|HTML5
		Development Editor|IOS = Development Editor|IOS
		Development Editor|TVOS = Development Editor|TVOS
		Development Editor|Win32 = Development Editor|Win32
		Development Editor|Win64 = Development Editor|Win64
		Development|HTML5 = Development|HTML5
		Development|IOS = Development|IOS
		Development|TVOS = Development|TVOS
		Development|Win32 = Development|Win32
		Development|Win64 = Development|Win64
		Shipping|HTML5 = Shipping|HTML5
		Shipping|IOS = Shipping|IOS
		Shipping|TVOS = Shipping|TVOS
		Shipping|Win32 = Shipping|Win32
		Shipping|Win64 = Shipping|Win64
	EndGlobalSection
	GlobalSection(ProjectConfigurationPlatforms) = postSolution
		{A33415FB-645E-4AFF-88B6-C318382F7589}.DebugGame Editor|HTML5.ActiveCfg = BuiltWithUnrealBuildTool|Win32
		{A33415FB-645E-4AFF-88B6-C318382F7589}.DebugGame Editor|HTML5.Build.0 = BuiltWithUnrealBuildTool|Win32
		{A33415FB-645E-4AFF-88B6-C318382F7589}.DebugGame Editor|IOS.ActiveCfg = BuiltWithUnrealBuildTool|Win32
		{A33415FB-645E-4AFF-88B6-C318382F7589}.DebugGame Editor|IOS.Build.0 = BuiltWithUnrealBuildTool|Win32
		{A33415FB-645E-4AFF-88B6-C318382F7589}.DebugGame Editor|TVOS.ActiveCfg = BuiltWithUnrealBuildTool|Win32
		{A33415FB-645E-4AFF-88B6-C318382F7589}.DebugGame Editor|TVOS.Build.0 = BuiltWithUnrealBuildTool|Win32
		{A33415FB-645E-4AFF-88B6-C318382F7589}.DebugGame Editor|Win32.ActiveCfg = BuiltWithUnrealBuildTool|Win32
		{A33415FB-645E-4AFF-88B6-C318382F7589}.DebugGame Editor|Win32.Build.0 = BuiltWithUnrealBuildTool|Win32
		{A33415FB-645E-4AFF-88B6-C318382F7589}.DebugGame Editor|Win64.ActiveCfg = BuiltWithUnrealBuildTool|Win32
		{A33415FB-645E-4AFF-88B6-C318382F7589}.DebugGame Editor|Win64.Build.0 = BuiltWithUnrealBuildTool|Win32
		{A33415FB-645E-4AFF-88B6-C318382F7589}.DebugGame|HTML5.ActiveCfg = BuiltWithUnrealBuildTool|Win32
		{A33415FB-645E-4AFF-88B6-C318382F7589}.DebugGame|HTML5.Build.0 = BuiltWithUnrealBuildTool|Win32
		{A33415FB-645E-4AFF-88B6-C318382F7589}.DebugGame|IOS.ActiveCfg = BuiltWithUnrealBuildTool|Win32
		{A33415FB-645E-4AFF-88B6-C318382F7589}.DebugGame|IOS.Build.0 = BuiltWithUnrealBuildTool|Win32
		{A33415FB-645E-4AFF-88B6-C318382F7589}.DebugGame|TVOS.ActiveCfg = BuiltWithUnrealBuildTool|Win32
		{A33415FB-645E-4AFF-88B6-C318382F7589}.DebugGame|TVOS.Build.0 = BuiltWithUnrealBuildTool|Win32
		{A33415FB-645E-4AFF-88B6-C318382F7589}.DebugGame|Win32.ActiveCfg = BuiltWithUnrealBuildTool|Win32
		{A33415FB-645E-4AFF-88B6-C318382F7589}.DebugGame|Win32.Build.0 = BuiltWithUnrealBuildTool|Win32
		{A33415FB-645E-4AFF-88B6-C318382F7589}.DebugGame|Win64.ActiveCfg = BuiltWithUnrealBuildTool|Win32
		{A33415FB-645E-4AFF-88B6-C318382F7589}.DebugGame|Win64.Build.0 = BuiltWithUnrealBuildTool|Win32
		{A33415FB-645E-4AFF-88B6-C318382F7589}.Development Editor|HTML5.ActiveCfg = BuiltWithUnrealBuildTool|Win32
		{A33415FB-645E-4AFF-88B6-C318382F7589}.Development Editor|HTML5.Build.0 = BuiltWithUnrealBuildTool|Win32
		{A33415FB-645E-4AFF-88B6-C318382F7589}.Development Editor|IOS.ActiveCfg = BuiltWithUnrealBuildTool|Win32
		{A33415FB-645E-4AFF-88B6-C318382F7589}.Development Editor|IOS.Build.0 = BuiltWithUnrealBuildTool|Win32
		{A33415FB-645E-4AFF-88B6-C318382F7589}.Development Editor|TVOS.ActiveCfg = BuiltWithUnrealBuildTool|Win32
		{A33415FB-645E-4AFF-88B6-C318382F7589}.Development Editor|TVOS.Build.0 = BuiltWithUnrealBuildTool|Win32
		{A33415FB-645E-4AFF-88B6-C318382F7589}.Development Editor|Win32.ActiveCfg = BuiltWithUnrealBuildTool|Win32
		{A33415FB-645E-4AFF-88B6-C318382F7589}.Development Editor|Win32.Build.0 = BuiltWithUnrealBuildTool|Win32
		{A33415FB-645E-4AFF-88B6-C318382F7589}.Development Editor|Win64.ActiveCfg = BuiltWithUnrealBuildTool|Win32
		{A33415FB-645E-4AFF-88B6-C318382F7589}.Development Editor|Win64.Build.0 = BuiltWithUnrealBuildTool|Win32
		{A33415FB-645E-4AFF-88B6-C318382F7589}.Development|HTML5.ActiveCfg = BuiltWithUnrealBuildTool|Win32
		{A33415FB-645E-4AFF-88B6-C318382F7589}.Development|HTML5.Build.0 = BuiltWithUnrealBuildTool|Win32
		{A33415FB-645E-4AFF-88B6-C318382F7589}.Development|IOS.ActiveCfg = BuiltWithUnrealBuildTool|Win32
		{A33415FB-645E-4AFF-88B6-C318382F7589}.Development|IOS.Build.0 = BuiltWithUnrealBuildTool|Win32
		{A33415FB-645E-4AFF-88B6-C318382F7589}.Development|TVOS.ActiveCfg = BuiltWithUnrealBuildTool|Win32
		{A33415FB-645E-4AFF-88B6-C318382F7589}.Development|TVOS.Build.0 = BuiltWithUnrealBuildTool|Win32
		{A33415FB-645E-4AFF-88B6-C318382F7589}.Development|Win32.ActiveCfg = BuiltWithUnrealBuildTool|Win32
		{A33415FB-645E-4AFF-88B6-C318382F7589}.Development|Win32.Build.0 = BuiltWithUnrealBuildTool|Win32
		{A33415FB-645E-4AFF-88B6-C318382F7589}.Development|Win64.ActiveCfg = BuiltWithUnrealBuildTool|Win32
		{A33415FB-645E-4AFF-88B6-C318382F7589}.Development|Win64.Build.0 = BuiltWithUnrealBuildTool|Win32
		{A33415FB-645E-4AFF-88B6-C318382F7589}.Shipping|HTML5.ActiveCfg = BuiltWithUnrealBuildTool|Win32
		{A33415FB-645E-4AFF-88B6-C318382F7589}.Shipping|HTML5.Build.0 = BuiltWithUnrealBuildTool|Win32
		{A33415FB-645E-4AFF-88B6-C318382F7589}.Shipping|IOS.ActiveCfg = BuiltWithUnrealBuildTool|Win32
		{A33415FB-645E-4AFF-88B6-C318382F7589}.Shipping|IOS.Build.0 = BuiltWithUnrealBuildTool|Win32
		{A33415FB-645E-4AFF-88B6-C318382F7589}.Shipping|TVOS.ActiveCfg = BuiltWithUnrealBuildTool|Win32
		{A33415FB-645E-4AFF-88B6-C318382F7589}.Shipping|TVOS.Build.0 = BuiltWithUnrealBuildTool|Win32
		{A33415FB-645E-4AFF-88B6-C318382F7589}.Shipping|Win32.ActiveCfg = BuiltWithUnrealBuildTool|Win32
		{A33415FB-645E-4AFF-88B6-C318382F7589}.Shipping|Win32.Build.0 = BuiltWithUnrealBuildTool|Win32
		{A33415FB-645E-4AFF-88B6-C318382F7589}.Shipping|Win64.ActiveCfg = BuiltWithUnrealBuildTool|Win32
		{A33415FB-645E-4AFF-88B6-C318382F7589}.Shipping|Win64.Build.0 = BuiltWithUnrealBuildTool|Win32
		{AE32100B-D1AD-42D3-B0A7-FBF09FC94ABE}.DebugGame Editor|HTML5.ActiveCfg = HTML5_DebugGame_Editor|Win32
		{AE32100B-D1AD-42D3-B0A7-FBF09FC94ABE}.DebugGame Editor|IOS.ActiveCfg = IOS_DebugGame_Editor|Win32
		{AE32100B-D1AD-42D3-B0A7-FBF09FC94ABE}.DebugGame Editor|TVOS.ActiveCfg = TVOS_DebugGame_Editor|Win32
		{AE32100B-D1AD-42D3-B0A7-FBF09FC94ABE}.DebugGame Editor|Win32.ActiveCfg = DebugGame_Editor|Win32
		{AE32100B-D1AD-42D3-B0A7-FBF09FC94ABE}.DebugGame Editor|Win64.ActiveCfg = DebugGame_Editor|x64
		{AE32100B-D1AD-42D3-B0A7-FBF09FC94ABE}.DebugGame Editor|Win64.Build.0 = DebugGame_Editor|x64
		{AE32100B-D1AD-42D3-B0A7-FBF09FC94ABE}.DebugGame|HTML5.ActiveCfg = HTML5_DebugGame_Game|Win32
		{AE32100B-D1AD-42D3-B0A7-FBF09FC94ABE}.DebugGame|HTML5.Build.0 = HTML5_DebugGame_Game|Win32
		{AE32100B-D1AD-42D3-B0A7-FBF09FC94ABE}.DebugGame|IOS.ActiveCfg = IOS_DebugGame_Game|Win32
		{AE32100B-D1AD-42D3-B0A7-FBF09FC94ABE}.DebugGame|IOS.Build.0 = IOS_DebugGame_Game|Win32
		{AE32100B-D1AD-42D3-B0A7-FBF09FC94ABE}.DebugGame|TVOS.ActiveCfg = TVOS_DebugGame_Game|Win32
		{AE32100B-D1AD-42D3-B0A7-FBF09FC94ABE}.DebugGame|TVOS.Build.0 = TVOS_DebugGame_Game|Win32
		{AE32100B-D1AD-42D3-B0A7-FBF09FC94ABE}.DebugGame|Win32.ActiveCfg = DebugGame_Game|Win32
		{AE32100B-D1AD-42D3-B0A7-FBF09FC94ABE}.DebugGame|Win32.Build.0 = DebugGame_Game|Win32
		{AE32100B-D1AD-42D3-B0A7-FBF09FC94ABE}.DebugGame|Win64.ActiveCfg = DebugGame_Game|x64
		{AE32100B-D1AD-42D3-B0A7-FBF09FC94ABE}.DebugGame|Win64.Build.0 = DebugGame_Game|x64
		{AE32100B-D1AD-42D3-B0A7-FBF09FC94ABE}.Development Editor|HTML5.ActiveCfg = HTML5_Development_Editor|Win32
		{AE32100B-D1AD-42D3-B0A7-FBF09FC94ABE}.Development Editor|IOS.ActiveCfg = IOS_Development_Editor|Win32
		{AE32100B-D1AD-42D3-B0A7-FBF09FC94ABE}.Development Editor|TVOS.ActiveCfg = TVOS_Development_Editor|Win32
		{AE32100B-D1AD-42D3-B0A7-FBF09FC94ABE}.Development Editor|Win32.ActiveCfg = Development_Editor|Win32
		{AE32100B-D1AD-42D3-B0A7-FBF09FC94ABE}.Development Editor|Win64.ActiveCfg = Development_Editor|x64
		{AE32100B-D1AD-42D3-B0A7-FBF09FC94ABE}.Development Editor|Win64.Build.0 = Development_Editor|x64
		{AE32100B-D1AD-42D3-B0A7-FBF09FC94ABE}.Development|HTML5.ActiveCfg = HTML5_Development_Game|Win32
		{AE32100B-D1AD-42D3-B0A7-FBF09FC94ABE}.Development|HTML5.Build.0 = HTML5_Development_Game|Win32
		{AE32100B-D1AD-42D3-B0A7-FBF09FC94ABE}.Development|IOS.ActiveCfg = IOS_Development_Game|Win32
		{AE32100B-D1AD-42D3-B0A7-FBF09FC94ABE}.Development|IOS.Build.0 = IOS_Development_Game|Win32
		{AE32100B-D1AD-42D3-B0A7-FBF09FC94ABE}.Development|TVOS.ActiveCfg = TVOS_Development_Game|Win32
		{AE32100B-D1AD-42D3-B0A7-FBF09FC94ABE}.Development|TVOS.Build.0 = TVOS_Development_Game|Win32
		{AE32100B-D1AD-42D3-B0A7-FBF09FC94ABE}.Development|Win32.ActiveCfg = Development_Game|Win32
		{AE32100B-D1AD-42D3-B0A7-FBF09FC94ABE}.Development|Win32.Build.0 = Development_Game|Win32
		{AE32100B-D1AD-42D3-B0A7-FBF09FC94ABE}.Development|Win64.ActiveCfg = Development_Game|x64
		{AE32100B-D1AD-42D3-B0A7-FBF09FC94ABE}.Development|Win64.Build.0 = Development_Game|x64
		{AE32100B-D1AD-42D3-B0A7-FBF09FC94ABE}.Shipping|HTML5.ActiveCfg = HTML5_Shipping_Game|Win32
		{AE32100B-D1AD-42D3-B0A7-FBF09FC94ABE}.Shipping|HTML5.Build.0 = HTML5_Shipping_Game|Win32
		{AE32100B-D1AD-42D3-B0A7-FBF09FC94ABE}.Shipping|IOS.ActiveCfg = IOS_Shipping_Game|Win32
		{AE32100B-D1AD-42D3-B0A7-FBF09FC94ABE}.Shipping|IOS.Build.0 = IOS_Shipping_Game|Win32
		{AE32100B-D1AD-42D3-B0A7-FBF09FC94ABE}.Shipping|TVOS.ActiveCfg = TVOS_Shipping_Game|Win32
		{AE32100B-D1AD-42D3-B0A7-FBF09FC94ABE}.Shipping|TVOS.Build.0 = TVOS_Shipping_Game|Win32
		{AE32100B-D1AD-42D3-B0A7-FBF09FC94ABE}.Shipping|Win32.ActiveCfg = Shipping_Game|Win32
		{AE32100B-D1AD-42D3-B0A7-FBF09FC94ABE}.Shipping|Win32.Build.0 = Shipping_Game|Win32
		{AE32100B-D1AD-42D3-B0A7-FBF09FC94ABE}.Shipping|Win64.ActiveCfg = Shipping_Game|x64
		{AE32100B-D1AD-42D3-B0A7-FBF09FC94ABE}.Shipping|Win64.Build.0 = Shipping_Game|x64
	EndGlobalSection
	GlobalSection(SolutionProperties) = preSolution
		HideSolutionNode = FALSE
	EndGlobalSection
	GlobalSection(NestedProjects) = preSolution
		{A33415FB-645E-4AFF-88B6-C318382F7589} = {77F3FEDF-1405-4B0B-9D1A-625AA790FA6F}
		{AE32100B-D1AD-42D3-B0A7-FBF09FC94ABE} = {60A488AB-0B22-466A-8393-C94E83E6687E}
	EndGlobalSection
EndGlobal
